
Microsoft Visual Studio Solution File, Format Version 12.00
# Visual Studio Version 17
VisualStudioVersion = 17.2.32616.157
MinimumVisualStudioVersion = 10.0.40219.1
Project("{FAE04EC0-301F-11D3-BF4B-00C04F79EFBC}") = "WindowsFormsAplication", "WindowsFormsAplication\WindowsFormsAplication.csproj", "{DE72AA01-A824-4122-8E33-52A2D9B2BB10}"
EndProject
Global
	GlobalSection(SolutionConfigurationPlatforms) = preSolution
		Debug|Any CPU = Debug|Any CPU
		Release|Any CPU = Release|Any CPU
	EndGlobalSection
	GlobalSection(ProjectConfigurationPlatforms) = postSolution
		{DE72AA01-A824-4122-8E33-52A2D9B2BB10}.Debug|Any CPU.ActiveCfg = Debug|Any CPU
		{DE72AA01-A824-4122-8E33-52A2D9B2BB10}.Debug|Any CPU.Build.0 = Debug|Any CPU
		{DE72AA01-A824-4122-8E33-52A2D9B2BB10}.Release|Any CPU.ActiveCfg = Release|Any CPU
		{DE72AA01-A824-4122-8E33-52A2D9B2BB10}.Release|Any CPU.Build.0 = Release|Any CPU
	EndGlobalSection
	GlobalSection(SolutionProperties) = preSolution
		HideSolutionNode = FALSE
	EndGlobalSection
	GlobalSection(ExtensibilityGlobals) = postSolution
		SolutionGuid = {2BF55C64-F099-495F-BFBC-A79121BF9DB0}
	EndGlobalSection
EndGlobal
